
Microsoft Visual Studio Solution File, Format Version 12.00
# Visual Studio Version 16
VisualStudioVersion = 16.0.30114.105
MinimumVisualStudioVersion = 10.0.40219.1
Project("{9A19103F-16F7-4668-BE54-9A1E7A4F7556}") = "PremiumCalculator", "PremiumCalculator\PremiumCalculator.csproj", "{78444C87-6D83-4FB0-9FD2-A7DD95101CBD}"
EndProject
Project("{9A19103F-16F7-4668-BE54-9A1E7A4F7556}") = "PremiumCalculator.Tests", "PremiumCalculator.Tests\PremiumCalculator.Tests.csproj", "{98CF14A7-6AFC-4D32-9CDE-F728C17304AF}"
EndProject
Project("{9A19103F-16F7-4668-BE54-9A1E7A4F7556}") = "PremiumCalculatorApp", "PremiumCalculatorApp\PremiumCalculatorApp.csproj", "{5B88E8CF-86A2-4F1A-9BD8-E23094D5E7A5}"
EndProject
Global
	GlobalSection(SolutionConfigurationPlatforms) = preSolution
		Debug|Any CPU = Debug|Any CPU
		Debug|x64 = Debug|x64
		Debug|x86 = Debug|x86
		Release|Any CPU = Release|Any CPU
		Release|x64 = Release|x64
		Release|x86 = Release|x86
	EndGlobalSection
	GlobalSection(ProjectConfigurationPlatforms) = postSolution
		{78444C87-6D83-4FB0-9FD2-A7DD95101CBD}.Debug|Any CPU.ActiveCfg = Debug|Any CPU
		{78444C87-6D83-4FB0-9FD2-A7DD95101CBD}.Debug|Any CPU.Build.0 = Debug|Any CPU
		{78444C87-6D83-4FB0-9FD2-A7DD95101CBD}.Debug|x64.ActiveCfg = Debug|Any CPU
		{78444C87-6D83-4FB0-9FD2-A7DD95101CBD}.Debug|x64.Build.0 = Debug|Any CPU
		{78444C87-6D83-4FB0-9FD2-A7DD95101CBD}.Debug|x86.ActiveCfg = Debug|Any CPU
		{78444C87-6D83-4FB0-9FD2-A7DD95101CBD}.Debug|x86.Build.0 = Debug|Any CPU
		{78444C87-6D83-4FB0-9FD2-A7DD95101CBD}.Release|Any CPU.ActiveCfg = Release|Any CPU
		{78444C87-6D83-4FB0-9FD2-A7DD95101CBD}.Release|Any CPU.Build.0 = Release|Any CPU
		{78444C87-6D83-4FB0-9FD2-A7DD95101CBD}.Release|x64.ActiveCfg = Release|Any CPU
		{78444C87-6D83-4FB0-9FD2-A7DD95101CBD}.Release|x64.Build.0 = Release|Any CPU
		{78444C87-6D83-4FB0-9FD2-A7DD95101CBD}.Release|x86.ActiveCfg = Release|Any CPU
		{78444C87-6D83-4FB0-9FD2-A7DD95101CBD}.Release|x86.Build.0 = Release|Any CPU
		{98CF14A7-6AFC-4D32-9CDE-F728C17304AF}.Debug|Any CPU.ActiveCfg = Debug|Any CPU
		{98CF14A7-6AFC-4D32-9CDE-F728C17304AF}.Debug|Any CPU.Build.0 = Debug|Any CPU
		{98CF14A7-6AFC-4D32-9CDE-F728C17304AF}.Debug|x64.ActiveCfg = Debug|Any CPU
		{98CF14A7-6AFC-4D32-9CDE-F728C17304AF}.Debug|x64.Build.0 = Debug|Any CPU
		{98CF14A7-6AFC-4D32-9CDE-F728C17304AF}.Debug|x86.ActiveCfg = Debug|Any CPU
		{98CF14A7-6AFC-4D32-9CDE-F728C17304AF}.Debug|x86.Build.0 = Debug|Any CPU
		{98CF14A7-6AFC-4D32-9CDE-F728C17304AF}.Release|Any CPU.ActiveCfg = Release|Any CPU
		{98CF14A7-6AFC-4D32-9CDE-F728C17304AF}.Release|Any CPU.Build.0 = Release|Any CPU
		{98CF14A7-6AFC-4D32-9CDE-F728C17304AF}.Release|x64.ActiveCfg = Release|Any CPU
		{98CF14A7-6AFC-4D32-9CDE-F728C17304AF}.Release|x64.Build.0 = Release|Any CPU
		{98CF14A7-6AFC-4D32-9CDE-F728C17304AF}.Release|x86.ActiveCfg = Release|Any CPU
		{98CF14A7-6AFC-4D32-9CDE-F728C17304AF}.Release|x86.Build.0 = Release|Any CPU
		{5B88E8CF-86A2-4F1A-9BD8-E23094D5E7A5}.Debug|Any CPU.ActiveCfg = Debug|Any CPU
		{5B88E8CF-86A2-4F1A-9BD8-E23094D5E7A5}.Debug|Any CPU.Build.0 = Debug|Any CPU
		{5B88E8CF-86A2-4F1A-9BD8-E23094D5E7A5}.Debug|x64.ActiveCfg = Debug|Any CPU
		{5B88E8CF-86A2-4F1A-9BD8-E23094D5E7A5}.Debug|x64.Build.0 = Debug|Any CPU
		{5B88E8CF-86A2-4F1A-9BD8-E23094D5E7A5}.Debug|x86.ActiveCfg = Debug|Any CPU
		{5B88E8CF-86A2-4F1A-9BD8-E23094D5E7A5}.Debug|x86.Build.0 = Debug|Any CPU
		{5B88E8CF-86A2-4F1A-9BD8-E23094D5E7A5}.Release|Any CPU.ActiveCfg = Release|Any CPU
		{5B88E8CF-86A2-4F1A-9BD8-E23094D5E7A5}.Release|Any CPU.Build.0 = Release|Any CPU
		{5B88E8CF-86A2-4F1A-9BD8-E23094D5E7A5}.Release|x64.ActiveCfg = Release|Any CPU
		{5B88E8CF-86A2-4F1A-9BD8-E23094D5E7A5}.Release|x64.Build.0 = Release|Any CPU
		{5B88E8CF-86A2-4F1A-9BD8-E23094D5E7A5}.Release|x86.ActiveCfg = Release|Any CPU
		{5B88E8CF-86A2-4F1A-9BD8-E23094D5E7A5}.Release|x86.Build.0 = Release|Any CPU
	EndGlobalSection
	GlobalSection(SolutionProperties) = preSolution
		HideSolutionNode = FALSE
	EndGlobalSection
	GlobalSection(ExtensibilityGlobals) = postSolution
		SolutionGuid = {D4F8C31E-DBD6-43B3-9DEC-93798B950906}
	EndGlobalSection
EndGlobal
